
Microsoft Visual Studio Solution File, Format Version 12.00
# Visual Studio Version 17
VisualStudioVersion = 17.1.32407.343
MinimumVisualStudioVersion = 10.0.40219.1
Project("{8BC9CEB8-8B4A-11D0-8D11-00A0C91BC942}") = "lab2_sem7", "lab2_sem7\lab2_sem7.vcxproj", "{B83BC421-4E4C-4543-821D-D63AF4693CD5}"
EndProject
Global
	GlobalSection(SolutionConfigurationPlatforms) = preSolution
		Debug|x64 = Debug|x64
		Debug|x86 = Debug|x86
		Release|x64 = Release|x64
		Release|x86 = Release|x86
	EndGlobalSection
	GlobalSection(ProjectConfigurationPlatforms) = postSolution
		{B83BC421-4E4C-4543-821D-D63AF4693CD5}.Debug|x64.ActiveCfg = Debug|x64
		{B83BC421-4E4C-4543-821D-D63AF4693CD5}.Debug|x64.Build.0 = Debug|x64
		{B83BC421-4E4C-4543-821D-D63AF4693CD5}.Debug|x86.ActiveCfg = Debug|Win32
		{B83BC421-4E4C-4543-821D-D63AF4693CD5}.Debug|x86.Build.0 = Debug|Win32
		{B83BC421-4E4C-4543-821D-D63AF4693CD5}.Release|x64.ActiveCfg = Release|x64
		{B83BC421-4E4C-4543-821D-D63AF4693CD5}.Release|x64.Build.0 = Release|x64
		{B83BC421-4E4C-4543-821D-D63AF4693CD5}.Release|x86.ActiveCfg = Release|Win32
		{B83BC421-4E4C-4543-821D-D63AF4693CD5}.Release|x86.Build.0 = Release|Win32
	EndGlobalSection
	GlobalSection(SolutionProperties) = preSolution
		HideSolutionNode = FALSE
	EndGlobalSection
	GlobalSection(ExtensibilityGlobals) = postSolution
		SolutionGuid = {88A53622-AF65-4009-A8A6-061BDA813A00}
	EndGlobalSection
EndGlobal
